
Microsoft Visual Studio Solution File, Format Version 12.00
# Visual Studio Version 16
VisualStudioVersion = 16.0.29009.5
MinimumVisualStudioVersion = 10.0.40219.1
Project("{D954291E-2A0B-460D-934E-DC6B0785DB48}") = "Mntone.Nico2.Shared", "Mntone.Nico2\Mntone.Nico2.Shared\Mntone.Nico2.Shared.shproj", "{F1F0B094-2632-4141-88C1-05B082EBAC91}"
EndProject
Project("{2150E333-8FDC-42A3-9474-1A3956D46DE8}") = "Mntone.Nico2", "Mntone.Nico2", "{D13D0642-48F5-4059-840E-D958B3021ABE}"
EndProject
Project("{2150E333-8FDC-42A3-9474-1A3956D46DE8}") = "Ruleset", "Ruleset", "{F01927EF-CAF9-4621-AFC2-93D066E32386}"
	ProjectSection(SolutionItems) = preProject
		OpenNiconico2.ruleset = OpenNiconico2.ruleset
	EndProjectSection
EndProject
Project("{FAE04EC0-301F-11D3-BF4B-00C04F79EFBC}") = "Mntone.Nico2.UWP", "Mntone.Nico2.UWP\Mntone.Nico2.UWP.csproj", "{BBF8857D-550A-4228-B9FC-52C38D5346F1}"
EndProject
Project("{9A19103F-16F7-4668-BE54-9A1E7A4F7556}") = "Mntone.Nico2.NetStandard", "Mntone.Nico2.NetStandard\Mntone.Nico2.NetStandard.csproj", "{5B622614-40AA-4B35-940C-ED285C16141E}"
EndProject
Project("{9A19103F-16F7-4668-BE54-9A1E7A4F7556}") = "Mnttone.Nico2.UnitTest", "Mnttone.Nico2.UnitTest\Mnttone.Nico2.UnitTest.csproj", "{AE32DE90-6A01-4FC9-912C-7E1D2453BC48}"
EndProject
Project("{9A19103F-16F7-4668-BE54-9A1E7A4F7556}") = "Mntone.Nico2.NetCore", "Mntone.Nico2.NetCore\Mntone.Nico2.NetCore.csproj", "{4E63CE28-4DC5-4885-BFDA-E729B98D6F29}"
EndProject
Project("{FAE04EC0-301F-11D3-BF4B-00C04F79EFBC}") = "Mntone.Nico2.UWP_Latest", "Mntone.Nico2.UWP_Latest\Mntone.Nico2.UWP_Latest.csproj", "{CC63EF1D-ECD6-478D-8852-5C45FBBF697A}"
EndProject
Project("{2150E333-8FDC-42A3-9474-1A3956D46DE8}") = "Solution Items", "Solution Items", "{A1B97F4E-153C-4743-9FB4-965A174F7F5F}"
	ProjectSection(SolutionItems) = preProject
		Directory.Build.props = Directory.Build.props
	EndProjectSection
EndProject
Global
	GlobalSection(SharedMSBuildProjectFiles) = preSolution
		Mntone.Nico2\Mntone.Nico2.Shared\Mntone.Nico2.Shared.projitems*{4e63ce28-4dc5-4885-bfda-e729b98d6f29}*SharedItemsImports = 5
		Mntone.Nico2\Mntone.Nico2.Shared\Mntone.Nico2.Shared.projitems*{5b622614-40aa-4b35-940c-ed285c16141e}*SharedItemsImports = 5
		Mntone.Nico2\Mntone.Nico2.Shared\Mntone.Nico2.Shared.projitems*{bbf8857d-550a-4228-b9fc-52c38d5346f1}*SharedItemsImports = 4
		Mntone.Nico2\Mntone.Nico2.Shared\Mntone.Nico2.Shared.projitems*{cc63ef1d-ecd6-478d-8852-5c45fbbf697a}*SharedItemsImports = 4
		Mntone.Nico2\Mntone.Nico2.Shared\Mntone.Nico2.Shared.projitems*{f1f0b094-2632-4141-88c1-05b082ebac91}*SharedItemsImports = 13
	EndGlobalSection
	GlobalSection(SolutionConfigurationPlatforms) = preSolution
		Debug|Any CPU = Debug|Any CPU
		Debug|ARM = Debug|ARM
		Debug|ARM64 = Debug|ARM64
		Debug|x64 = Debug|x64
		Debug|x86 = Debug|x86
		Release|Any CPU = Release|Any CPU
		Release|ARM = Release|ARM
		Release|ARM64 = Release|ARM64
		Release|x64 = Release|x64
		Release|x86 = Release|x86
	EndGlobalSection
	GlobalSection(ProjectConfigurationPlatforms) = postSolution
		{BBF8857D-550A-4228-B9FC-52C38D5346F1}.Debug|Any CPU.ActiveCfg = Debug|Any CPU
		{BBF8857D-550A-4228-B9FC-52C38D5346F1}.Debug|Any CPU.Build.0 = Debug|Any CPU
		{BBF8857D-550A-4228-B9FC-52C38D5346F1}.Debug|ARM.ActiveCfg = Debug|ARM
		{BBF8857D-550A-4228-B9FC-52C38D5346F1}.Debug|ARM.Build.0 = Debug|ARM
		{BBF8857D-550A-4228-B9FC-52C38D5346F1}.Debug|ARM64.ActiveCfg = Debug|Any CPU
		{BBF8857D-550A-4228-B9FC-52C38D5346F1}.Debug|ARM64.Build.0 = Debug|Any CPU
		{BBF8857D-550A-4228-B9FC-52C38D5346F1}.Debug|x64.ActiveCfg = Debug|x64
		{BBF8857D-550A-4228-B9FC-52C38D5346F1}.Debug|x64.Build.0 = Debug|x64
		{BBF8857D-550A-4228-B9FC-52C38D5346F1}.Debug|x86.ActiveCfg = Debug|x86
		{BBF8857D-550A-4228-B9FC-52C38D5346F1}.Debug|x86.Build.0 = Debug|x86
		{BBF8857D-550A-4228-B9FC-52C38D5346F1}.Release|Any CPU.ActiveCfg = Release|Any CPU
		{BBF8857D-550A-4228-B9FC-52C38D5346F1}.Release|Any CPU.Build.0 = Release|Any CPU
		{BBF8857D-550A-4228-B9FC-52C38D5346F1}.Release|ARM.ActiveCfg = Release|ARM
		{BBF8857D-550A-4228-B9FC-52C38D5346F1}.Release|ARM.Build.0 = Release|ARM
		{BBF8857D-550A-4228-B9FC-52C38D5346F1}.Release|ARM64.ActiveCfg = Release|Any CPU
		{BBF8857D-550A-4228-B9FC-52C38D5346F1}.Release|ARM64.Build.0 = Release|Any CPU
		{BBF8857D-550A-4228-B9FC-52C38D5346F1}.Release|x64.ActiveCfg = Release|x64
		{BBF8857D-550A-4228-B9FC-52C38D5346F1}.Release|x64.Build.0 = Release|x64
		{BBF8857D-550A-4228-B9FC-52C38D5346F1}.Release|x86.ActiveCfg = Release|x86
		{BBF8857D-550A-4228-B9FC-52C38D5346F1}.Release|x86.Build.0 = Release|x86
		{5B622614-40AA-4B35-940C-ED285C16141E}.Debug|Any CPU.ActiveCfg = Debug|Any CPU
		{5B622614-40AA-4B35-940C-ED285C16141E}.Debug|Any CPU.Build.0 = Debug|Any CPU
		{5B622614-40AA-4B35-940C-ED285C16141E}.Debug|ARM.ActiveCfg = Debug|Any CPU
		{5B622614-40AA-4B35-940C-ED285C16141E}.Debug|ARM.Build.0 = Debug|Any CPU
		{5B622614-40AA-4B35-940C-ED285C16141E}.Debug|ARM64.ActiveCfg = Debug|Any CPU
		{5B622614-40AA-4B35-940C-ED285C16141E}.Debug|ARM64.Build.0 = Debug|Any CPU
		{5B622614-40AA-4B35-940C-ED285C16141E}.Debug|x64.ActiveCfg = Debug|Any CPU
		{5B622614-40AA-4B35-940C-ED285C16141E}.Debug|x64.Build.0 = Debug|Any CPU
		{5B622614-40AA-4B35-940C-ED285C16141E}.Debug|x86.ActiveCfg = Debug|Any CPU
		{5B622614-40AA-4B35-940C-ED285C16141E}.Debug|x86.Build.0 = Debug|Any CPU
		{5B622614-40AA-4B35-940C-ED285C16141E}.Release|Any CPU.ActiveCfg = Release|Any CPU
		{5B622614-40AA-4B35-940C-ED285C16141E}.Release|Any CPU.Build.0 = Release|Any CPU
		{5B622614-40AA-4B35-940C-ED285C16141E}.Release|ARM.ActiveCfg = Release|Any CPU
		{5B622614-40AA-4B35-940C-ED285C16141E}.Release|ARM.Build.0 = Release|Any CPU
		{5B622614-40AA-4B35-940C-ED285C16141E}.Release|ARM64.ActiveCfg = Release|Any CPU
		{5B622614-40AA-4B35-940C-ED285C16141E}.Release|ARM64.Build.0 = Release|Any CPU
		{5B622614-40AA-4B35-940C-ED285C16141E}.Release|x64.ActiveCfg = Release|Any CPU
		{5B622614-40AA-4B35-940C-ED285C16141E}.Release|x64.Build.0 = Release|Any CPU
		{5B622614-40AA-4B35-940C-ED285C16141E}.Release|x86.ActiveCfg = Release|Any CPU
		{5B622614-40AA-4B35-940C-ED285C16141E}.Release|x86.Build.0 = Release|Any CPU
		{AE32DE90-6A01-4FC9-912C-7E1D2453BC48}.Debug|Any CPU.ActiveCfg = Debug|Any CPU
		{AE32DE90-6A01-4FC9-912C-7E1D2453BC48}.Debug|Any CPU.Build.0 = Debug|Any CPU
		{AE32DE90-6A01-4FC9-912C-7E1D2453BC48}.Debug|ARM.ActiveCfg = Debug|Any CPU
		{AE32DE90-6A01-4FC9-912C-7E1D2453BC48}.Debug|ARM.Build.0 = Debug|Any CPU
		{AE32DE90-6A01-4FC9-912C-7E1D2453BC48}.Debug|ARM64.ActiveCfg = Debug|Any CPU
		{AE32DE90-6A01-4FC9-912C-7E1D2453BC48}.Debug|ARM64.Build.0 = Debug|Any CPU
		{AE32DE90-6A01-4FC9-912C-7E1D2453BC48}.Debug|x64.ActiveCfg = Debug|Any CPU
		{AE32DE90-6A01-4FC9-912C-7E1D2453BC48}.Debug|x64.Build.0 = Debug|Any CPU
		{AE32DE90-6A01-4FC9-912C-7E1D2453BC48}.Debug|x86.ActiveCfg = Debug|Any CPU
		{AE32DE90-6A01-4FC9-912C-7E1D2453BC48}.Debug|x86.Build.0 = Debug|Any CPU
		{AE32DE90-6A01-4FC9-912C-7E1D2453BC48}.Release|Any CPU.ActiveCfg = Release|Any CPU
		{AE32DE90-6A01-4FC9-912C-7E1D2453BC48}.Release|Any CPU.Build.0 = Release|Any CPU
		{AE32DE90-6A01-4FC9-912C-7E1D2453BC48}.Release|ARM.ActiveCfg = Release|Any CPU
		{AE32DE90-6A01-4FC9-912C-7E1D2453BC48}.Release|ARM.Build.0 = Release|Any CPU
		{AE32DE90-6A01-4FC9-912C-7E1D2453BC48}.Release|ARM64.ActiveCfg = Release|Any CPU
		{AE32DE90-6A01-4FC9-912C-7E1D2453BC48}.Release|ARM64.Build.0 = Release|Any CPU
		{AE32DE90-6A01-4FC9-912C-7E1D2453BC48}.Release|x64.ActiveCfg = Release|Any CPU
		{AE32DE90-6A01-4FC9-912C-7E1D2453BC48}.Release|x64.Build.0 = Release|Any CPU
		{AE32DE90-6A01-4FC9-912C-7E1D2453BC48}.Release|x86.ActiveCfg = Release|Any CPU
		{AE32DE90-6A01-4FC9-912C-7E1D2453BC48}.Release|x86.Build.0 = Release|Any CPU
		{4E63CE28-4DC5-4885-BFDA-E729B98D6F29}.Debug|Any CPU.ActiveCfg = Debug|Any CPU
		{4E63CE28-4DC5-4885-BFDA-E729B98D6F29}.Debug|Any CPU.Build.0 = Debug|Any CPU
		{4E63CE28-4DC5-4885-BFDA-E729B98D6F29}.Debug|ARM.ActiveCfg = Debug|Any CPU
		{4E63CE28-4DC5-4885-BFDA-E729B98D6F29}.Debug|ARM.Build.0 = Debug|Any CPU
		{4E63CE28-4DC5-4885-BFDA-E729B98D6F29}.Debug|ARM64.ActiveCfg = Debug|Any CPU
		{4E63CE28-4DC5-4885-BFDA-E729B98D6F29}.Debug|ARM64.Build.0 = Debug|Any CPU
		{4E63CE28-4DC5-4885-BFDA-E729B98D6F29}.Debug|x64.ActiveCfg = Debug|Any CPU
		{4E63CE28-4DC5-4885-BFDA-E729B98D6F29}.Debug|x64.Build.0 = Debug|Any CPU
		{4E63CE28-4DC5-4885-BFDA-E729B98D6F29}.Debug|x86.ActiveCfg = Debug|Any CPU
		{4E63CE28-4DC5-4885-BFDA-E729B98D6F29}.Debug|x86.Build.0 = Debug|Any CPU
		{4E63CE28-4DC5-4885-BFDA-E729B98D6F29}.Release|Any CPU.ActiveCfg = Release|Any CPU
		{4E63CE28-4DC5-4885-BFDA-E729B98D6F29}.Release|Any CPU.Build.0 = Release|Any CPU
		{4E63CE28-4DC5-4885-BFDA-E729B98D6F29}.Release|ARM.ActiveCfg = Release|Any CPU
		{4E63CE28-4DC5-4885-BFDA-E729B98D6F29}.Release|ARM.Build.0 = Release|Any CPU
		{4E63CE28-4DC5-4885-BFDA-E729B98D6F29}.Release|ARM64.ActiveCfg = Release|Any CPU
		{4E63CE28-4DC5-4885-BFDA-E729B98D6F29}.Release|ARM64.Build.0 = Release|Any CPU
		{4E63CE28-4DC5-4885-BFDA-E729B98D6F29}.Release|x64.ActiveCfg = Release|Any CPU
		{4E63CE28-4DC5-4885-BFDA-E729B98D6F29}.Release|x64.Build.0 = Release|Any CPU
		{4E63CE28-4DC5-4885-BFDA-E729B98D6F29}.Release|x86.ActiveCfg = Release|Any CPU
		{4E63CE28-4DC5-4885-BFDA-E729B98D6F29}.Release|x86.Build.0 = Release|Any CPU
		{CC63EF1D-ECD6-478D-8852-5C45FBBF697A}.Debug|Any CPU.ActiveCfg = Debug|Any CPU
		{CC63EF1D-ECD6-478D-8852-5C45FBBF697A}.Debug|Any CPU.Build.0 = Debug|Any CPU
		{CC63EF1D-ECD6-478D-8852-5C45FBBF697A}.Debug|ARM.ActiveCfg = Debug|ARM
		{CC63EF1D-ECD6-478D-8852-5C45FBBF697A}.Debug|ARM.Build.0 = Debug|ARM
		{CC63EF1D-ECD6-478D-8852-5C45FBBF697A}.Debug|ARM64.ActiveCfg = Debug|ARM64
		{CC63EF1D-ECD6-478D-8852-5C45FBBF697A}.Debug|ARM64.Build.0 = Debug|ARM64
		{CC63EF1D-ECD6-478D-8852-5C45FBBF697A}.Debug|x64.ActiveCfg = Debug|x64
		{CC63EF1D-ECD6-478D-8852-5C45FBBF697A}.Debug|x64.Build.0 = Debug|x64
		{CC63EF1D-ECD6-478D-8852-5C45FBBF697A}.Debug|x86.ActiveCfg = Debug|x86
		{CC63EF1D-ECD6-478D-8852-5C45FBBF697A}.Debug|x86.Build.0 = Debug|x86
		{CC63EF1D-ECD6-478D-8852-5C45FBBF697A}.Release|Any CPU.ActiveCfg = Release|Any CPU
		{CC63EF1D-ECD6-478D-8852-5C45FBBF697A}.Release|Any CPU.Build.0 = Release|Any CPU
		{CC63EF1D-ECD6-478D-8852-5C45FBBF697A}.Release|ARM.ActiveCfg = Release|ARM
		{CC63EF1D-ECD6-478D-8852-5C45FBBF697A}.Release|ARM.Build.0 = Release|ARM
		{CC63EF1D-ECD6-478D-8852-5C45FBBF697A}.Release|ARM64.ActiveCfg = Release|ARM64
		{CC63EF1D-ECD6-478D-8852-5C45FBBF697A}.Release|ARM64.Build.0 = Release|ARM64
		{CC63EF1D-ECD6-478D-8852-5C45FBBF697A}.Release|x64.ActiveCfg = Release|x64
		{CC63EF1D-ECD6-478D-8852-5C45FBBF697A}.Release|x64.Build.0 = Release|x64
		{CC63EF1D-ECD6-478D-8852-5C45FBBF697A}.Release|x86.ActiveCfg = Release|x86
		{CC63EF1D-ECD6-478D-8852-5C45FBBF697A}.Release|x86.Build.0 = Release|x86
	EndGlobalSection
	GlobalSection(SolutionProperties) = preSolution
		HideSolutionNode = FALSE
	EndGlobalSection
	GlobalSection(NestedProjects) = preSolution
		{F1F0B094-2632-4141-88C1-05B082EBAC91} = {D13D0642-48F5-4059-840E-D958B3021ABE}
		{BBF8857D-550A-4228-B9FC-52C38D5346F1} = {D13D0642-48F5-4059-840E-D958B3021ABE}
		{5B622614-40AA-4B35-940C-ED285C16141E} = {D13D0642-48F5-4059-840E-D958B3021ABE}
		{AE32DE90-6A01-4FC9-912C-7E1D2453BC48} = {D13D0642-48F5-4059-840E-D958B3021ABE}
		{4E63CE28-4DC5-4885-BFDA-E729B98D6F29} = {D13D0642-48F5-4059-840E-D958B3021ABE}
		{CC63EF1D-ECD6-478D-8852-5C45FBBF697A} = {D13D0642-48F5-4059-840E-D958B3021ABE}
	EndGlobalSection
	GlobalSection(ExtensibilityGlobals) = postSolution
		SolutionGuid = {D63986D6-2957-4732-A586-D141DF401217}
	EndGlobalSection
EndGlobal
